
Microsoft Visual Studio Solution File, Format Version 12.00
# Visual Studio Version 16
VisualStudioVersion = 16.0.31702.278
MinimumVisualStudioVersion = 10.0.40219.1
Project("{FAE04EC0-301F-11D3-BF4B-00C04F79EFBC}") = "nev", "nev\nev.csproj", "{B9477426-D03C-4840-B755-7D314DE56DA6}"
EndProject
Project("{FAE04EC0-301F-11D3-BF4B-00C04F79EFBC}") = "KOPAPIROLLO", "KOPAPIROLLO\KOPAPIROLLO.csproj", "{9912DA39-7784-471B-BA01-B1F64D0B4A53}"
EndProject
Project("{FAE04EC0-301F-11D3-BF4B-00C04F79EFBC}") = "számkitalálós", "számkitalálós\számkitalálós.csproj", "{1F4C5842-1E16-4378-970C-ABA50562B717}"
EndProject
Project("{FAE04EC0-301F-11D3-BF4B-00C04F79EFBC}") = "tombos", "tombos\tombos.csproj", "{E410EE2D-460D-41F9-A6CB-DA3A0F903CB6}"
EndProject
Project("{FAE04EC0-301F-11D3-BF4B-00C04F79EFBC}") = "szigetek", "szigetek\szigetek.csproj", "{6CCC6F87-13D7-4B2E-847A-B8413BA944C8}"
EndProject
Project("{FAE04EC0-301F-11D3-BF4B-00C04F79EFBC}") = "csempezes", "csempezes\csempezes.csproj", "{5CC4EC3D-BBD2-448C-9CE1-52C9CF16AE6D}"
EndProject
Project("{FAE04EC0-301F-11D3-BF4B-00C04F79EFBC}") = "többelem", "többelem\többelem.csproj", "{A36D1160-F6A8-4BF1-8EC8-2B1D2712884A}"
EndProject
Project("{FAE04EC0-301F-11D3-BF4B-00C04F79EFBC}") = "testtomeg", "testtomeg\testtomeg.csproj", "{27A99EA3-8F0A-43EC-9BF0-D451F53D6C3A}"
EndProject
Project("{FAE04EC0-301F-11D3-BF4B-00C04F79EFBC}") = "halmaz", "halmaz\halmaz.csproj", "{10421CCE-A022-401A-B3D6-27BC89731D3C}"
EndProject
Project("{FAE04EC0-301F-11D3-BF4B-00C04F79EFBC}") = "Hengermarmegint", "Hengermarmegint\Hengermarmegint.csproj", "{54FC088C-65CA-4325-8CA3-1F17CC000590}"
EndProject
Project("{FAE04EC0-301F-11D3-BF4B-00C04F79EFBC}") = "Hengertesztje", "Hengertesztje\Hengertesztje.csproj", "{117B5855-4F5F-4F83-929F-02DD0BA30BE7}"
EndProject
Project("{FAE04EC0-301F-11D3-BF4B-00C04F79EFBC}") = "h", "h\h.csproj", "{825430CC-E514-4064-996A-47C8E890E261}"
EndProject
Project("{FAE04EC0-301F-11D3-BF4B-00C04F79EFBC}") = "hteszt", "hteszt\hteszt.csproj", "{9F4E0561-B304-4ECE-B799-E2C051582272}"
EndProject
Project("{FAE04EC0-301F-11D3-BF4B-00C04F79EFBC}") = "labelform1", "labelform1\labelform1.csproj", "{CB2E8FFB-CF5D-4F21-8E6B-2947DF153FB5}"
EndProject
Project("{FAE04EC0-301F-11D3-BF4B-00C04F79EFBC}") = "datetime", "datetime\datetime.csproj", "{4C26C3E3-89FE-4F3F-A290-5BF8BC40D2E0}"
EndProject
Project("{FAE04EC0-301F-11D3-BF4B-00C04F79EFBC}") = "valamiform2", "valamiform2\valamiform2.csproj", "{F73C9C36-B913-4D6F-AC86-A702F1315FDF}"
EndProject
Project("{FAE04EC0-301F-11D3-BF4B-00C04F79EFBC}") = "Szigetek3", "Szigetek3\Szigetek3.csproj", "{F18F6B13-B230-4F15-A25D-0BB33110D1E5}"
EndProject
Project("{FAE04EC0-301F-11D3-BF4B-00C04F79EFBC}") = "Szigetteszt", "Szigetteszt\Szigetteszt.csproj", "{BC8570C4-8813-49EC-9E4B-B541A46F3D1F}"
EndProject
Global
	GlobalSection(SolutionConfigurationPlatforms) = preSolution
		Debug|Any CPU = Debug|Any CPU
		Release|Any CPU = Release|Any CPU
	EndGlobalSection
	GlobalSection(ProjectConfigurationPlatforms) = postSolution
		{B9477426-D03C-4840-B755-7D314DE56DA6}.Debug|Any CPU.ActiveCfg = Debug|Any CPU
		{B9477426-D03C-4840-B755-7D314DE56DA6}.Debug|Any CPU.Build.0 = Debug|Any CPU
		{B9477426-D03C-4840-B755-7D314DE56DA6}.Release|Any CPU.ActiveCfg = Release|Any CPU
		{B9477426-D03C-4840-B755-7D314DE56DA6}.Release|Any CPU.Build.0 = Release|Any CPU
		{9912DA39-7784-471B-BA01-B1F64D0B4A53}.Debug|Any CPU.ActiveCfg = Debug|Any CPU
		{9912DA39-7784-471B-BA01-B1F64D0B4A53}.Debug|Any CPU.Build.0 = Debug|Any CPU
		{9912DA39-7784-471B-BA01-B1F64D0B4A53}.Release|Any CPU.ActiveCfg = Release|Any CPU
		{9912DA39-7784-471B-BA01-B1F64D0B4A53}.Release|Any CPU.Build.0 = Release|Any CPU
		{1F4C5842-1E16-4378-970C-ABA50562B717}.Debug|Any CPU.ActiveCfg = Debug|Any CPU
		{1F4C5842-1E16-4378-970C-ABA50562B717}.Debug|Any CPU.Build.0 = Debug|Any CPU
		{1F4C5842-1E16-4378-970C-ABA50562B717}.Release|Any CPU.ActiveCfg = Release|Any CPU
		{1F4C5842-1E16-4378-970C-ABA50562B717}.Release|Any CPU.Build.0 = Release|Any CPU
		{E410EE2D-460D-41F9-A6CB-DA3A0F903CB6}.Debug|Any CPU.ActiveCfg = Debug|Any CPU
		{E410EE2D-460D-41F9-A6CB-DA3A0F903CB6}.Debug|Any CPU.Build.0 = Debug|Any CPU
		{E410EE2D-460D-41F9-A6CB-DA3A0F903CB6}.Release|Any CPU.ActiveCfg = Release|Any CPU
		{E410EE2D-460D-41F9-A6CB-DA3A0F903CB6}.Release|Any CPU.Build.0 = Release|Any CPU
		{6CCC6F87-13D7-4B2E-847A-B8413BA944C8}.Debug|Any CPU.ActiveCfg = Debug|Any CPU
		{6CCC6F87-13D7-4B2E-847A-B8413BA944C8}.Debug|Any CPU.Build.0 = Debug|Any CPU
		{6CCC6F87-13D7-4B2E-847A-B8413BA944C8}.Release|Any CPU.ActiveCfg = Release|Any CPU
		{6CCC6F87-13D7-4B2E-847A-B8413BA944C8}.Release|Any CPU.Build.0 = Release|Any CPU
		{5CC4EC3D-BBD2-448C-9CE1-52C9CF16AE6D}.Debug|Any CPU.ActiveCfg = Debug|Any CPU
		{5CC4EC3D-BBD2-448C-9CE1-52C9CF16AE6D}.Debug|Any CPU.Build.0 = Debug|Any CPU
		{5CC4EC3D-BBD2-448C-9CE1-52C9CF16AE6D}.Release|Any CPU.ActiveCfg = Release|Any CPU
		{5CC4EC3D-BBD2-448C-9CE1-52C9CF16AE6D}.Release|Any CPU.Build.0 = Release|Any CPU
		{A36D1160-F6A8-4BF1-8EC8-2B1D2712884A}.Debug|Any CPU.ActiveCfg = Debug|Any CPU
		{A36D1160-F6A8-4BF1-8EC8-2B1D2712884A}.Debug|Any CPU.Build.0 = Debug|Any CPU
		{A36D1160-F6A8-4BF1-8EC8-2B1D2712884A}.Release|Any CPU.ActiveCfg = Release|Any CPU
		{A36D1160-F6A8-4BF1-8EC8-2B1D2712884A}.Release|Any CPU.Build.0 = Release|Any CPU
		{27A99EA3-8F0A-43EC-9BF0-D451F53D6C3A}.Debug|Any CPU.ActiveCfg = Debug|Any CPU
		{27A99EA3-8F0A-43EC-9BF0-D451F53D6C3A}.Debug|Any CPU.Build.0 = Debug|Any CPU
		{27A99EA3-8F0A-43EC-9BF0-D451F53D6C3A}.Release|Any CPU.ActiveCfg = Release|Any CPU
		{27A99EA3-8F0A-43EC-9BF0-D451F53D6C3A}.Release|Any CPU.Build.0 = Release|Any CPU
		{10421CCE-A022-401A-B3D6-27BC89731D3C}.Debug|Any CPU.ActiveCfg = Debug|Any CPU
		{10421CCE-A022-401A-B3D6-27BC89731D3C}.Debug|Any CPU.Build.0 = Debug|Any CPU
		{10421CCE-A022-401A-B3D6-27BC89731D3C}.Release|Any CPU.ActiveCfg = Release|Any CPU
		{10421CCE-A022-401A-B3D6-27BC89731D3C}.Release|Any CPU.Build.0 = Release|Any CPU
		{54FC088C-65CA-4325-8CA3-1F17CC000590}.Debug|Any CPU.ActiveCfg = Debug|Any CPU
		{54FC088C-65CA-4325-8CA3-1F17CC000590}.Debug|Any CPU.Build.0 = Debug|Any CPU
		{54FC088C-65CA-4325-8CA3-1F17CC000590}.Release|Any CPU.ActiveCfg = Release|Any CPU
		{54FC088C-65CA-4325-8CA3-1F17CC000590}.Release|Any CPU.Build.0 = Release|Any CPU
		{117B5855-4F5F-4F83-929F-02DD0BA30BE7}.Debug|Any CPU.ActiveCfg = Debug|Any CPU
		{117B5855-4F5F-4F83-929F-02DD0BA30BE7}.Debug|Any CPU.Build.0 = Debug|Any CPU
		{117B5855-4F5F-4F83-929F-02DD0BA30BE7}.Release|Any CPU.ActiveCfg = Release|Any CPU
		{117B5855-4F5F-4F83-929F-02DD0BA30BE7}.Release|Any CPU.Build.0 = Release|Any CPU
		{825430CC-E514-4064-996A-47C8E890E261}.Debug|Any CPU.ActiveCfg = Debug|Any CPU
		{825430CC-E514-4064-996A-47C8E890E261}.Debug|Any CPU.Build.0 = Debug|Any CPU
		{825430CC-E514-4064-996A-47C8E890E261}.Release|Any CPU.ActiveCfg = Release|Any CPU
		{825430CC-E514-4064-996A-47C8E890E261}.Release|Any CPU.Build.0 = Release|Any CPU
		{9F4E0561-B304-4ECE-B799-E2C051582272}.Debug|Any CPU.ActiveCfg = Debug|Any CPU
		{9F4E0561-B304-4ECE-B799-E2C051582272}.Debug|Any CPU.Build.0 = Debug|Any CPU
		{9F4E0561-B304-4ECE-B799-E2C051582272}.Release|Any CPU.ActiveCfg = Release|Any CPU
		{9F4E0561-B304-4ECE-B799-E2C051582272}.Release|Any CPU.Build.0 = Release|Any CPU
		{CB2E8FFB-CF5D-4F21-8E6B-2947DF153FB5}.Debug|Any CPU.ActiveCfg = Debug|Any CPU
		{CB2E8FFB-CF5D-4F21-8E6B-2947DF153FB5}.Debug|Any CPU.Build.0 = Debug|Any CPU
		{CB2E8FFB-CF5D-4F21-8E6B-2947DF153FB5}.Release|Any CPU.ActiveCfg = Release|Any CPU
		{CB2E8FFB-CF5D-4F21-8E6B-2947DF153FB5}.Release|Any CPU.Build.0 = Release|Any CPU
		{4C26C3E3-89FE-4F3F-A290-5BF8BC40D2E0}.Debug|Any CPU.ActiveCfg = Debug|Any CPU
		{4C26C3E3-89FE-4F3F-A290-5BF8BC40D2E0}.Debug|Any CPU.Build.0 = Debug|Any CPU
		{4C26C3E3-89FE-4F3F-A290-5BF8BC40D2E0}.Release|Any CPU.ActiveCfg = Release|Any CPU
		{4C26C3E3-89FE-4F3F-A290-5BF8BC40D2E0}.Release|Any CPU.Build.0 = Release|Any CPU
		{F73C9C36-B913-4D6F-AC86-A702F1315FDF}.Debug|Any CPU.ActiveCfg = Debug|Any CPU
		{F73C9C36-B913-4D6F-AC86-A702F1315FDF}.Debug|Any CPU.Build.0 = Debug|Any CPU
		{F73C9C36-B913-4D6F-AC86-A702F1315FDF}.Release|Any CPU.ActiveCfg = Release|Any CPU
		{F73C9C36-B913-4D6F-AC86-A702F1315FDF}.Release|Any CPU.Build.0 = Release|Any CPU
		{F18F6B13-B230-4F15-A25D-0BB33110D1E5}.Debug|Any CPU.ActiveCfg = Debug|Any CPU
		{F18F6B13-B230-4F15-A25D-0BB33110D1E5}.Debug|Any CPU.Build.0 = Debug|Any CPU
		{F18F6B13-B230-4F15-A25D-0BB33110D1E5}.Release|Any CPU.ActiveCfg = Release|Any CPU
		{F18F6B13-B230-4F15-A25D-0BB33110D1E5}.Release|Any CPU.Build.0 = Release|Any CPU
		{BC8570C4-8813-49EC-9E4B-B541A46F3D1F}.Debug|Any CPU.ActiveCfg = Debug|Any CPU
		{BC8570C4-8813-49EC-9E4B-B541A46F3D1F}.Debug|Any CPU.Build.0 = Debug|Any CPU
		{BC8570C4-8813-49EC-9E4B-B541A46F3D1F}.Release|Any CPU.ActiveCfg = Release|Any CPU
		{BC8570C4-8813-49EC-9E4B-B541A46F3D1F}.Release|Any CPU.Build.0 = Release|Any CPU
	EndGlobalSection
	GlobalSection(SolutionProperties) = preSolution
		HideSolutionNode = FALSE
	EndGlobalSection
	GlobalSection(ExtensibilityGlobals) = postSolution
		SolutionGuid = {3A43228E-362F-4E4A-B2CA-709CC8BA9672}
	EndGlobalSection
EndGlobal
