
Microsoft Visual Studio Solution File, Format Version 12.00
# Visual Studio Version 16
VisualStudioVersion = 16.0.31702.278
MinimumVisualStudioVersion = 10.0.40219.1
Project("{FAE04EC0-301F-11D3-BF4B-00C04F79EFBC}") = "nev", "nev\nev.csproj", "{B9477426-D03C-4840-B755-7D314DE56DA6}"
EndProject
Project("{FAE04EC0-301F-11D3-BF4B-00C04F79EFBC}") = "KOPAPIROLLO", "KOPAPIROLLO\KOPAPIROLLO.csproj", "{9912DA39-7784-471B-BA01-B1F64D0B4A53}"
EndProject
Project("{FAE04EC0-301F-11D3-BF4B-00C04F79EFBC}") = "számkitalálós", "számkitalálós\számkitalálós.csproj", "{1F4C5842-1E16-4378-970C-ABA50562B717}"
EndProject
Project("{FAE04EC0-301F-11D3-BF4B-00C04F79EFBC}") = "tombos", "tombos\tombos.csproj", "{E410EE2D-460D-41F9-A6CB-DA3A0F903CB6}"
EndProject
Project("{FAE04EC0-301F-11D3-BF4B-00C04F79EFBC}") = "szigetek", "szigetek\szigetek.csproj", "{6CCC6F87-13D7-4B2E-847A-B8413BA944C8}"
EndProject
Project("{FAE04EC0-301F-11D3-BF4B-00C04F79EFBC}") = "csempezes", "csempezes\csempezes.csproj", "{5CC4EC3D-BBD2-448C-9CE1-52C9CF16AE6D}"
EndProject
Project("{FAE04EC0-301F-11D3-BF4B-00C04F79EFBC}") = "többelem", "többelem\többelem.csproj", "{A36D1160-F6A8-4BF1-8EC8-2B1D2712884A}"
EndProject
Global
	GlobalSection(SolutionConfigurationPlatforms) = preSolution
		Debug|Any CPU = Debug|Any CPU
		Release|Any CPU = Release|Any CPU
	EndGlobalSection
	GlobalSection(ProjectConfigurationPlatforms) = postSolution
		{B9477426-D03C-4840-B755-7D314DE56DA6}.Debug|Any CPU.ActiveCfg = Debug|Any CPU
		{B9477426-D03C-4840-B755-7D314DE56DA6}.Debug|Any CPU.Build.0 = Debug|Any CPU
		{B9477426-D03C-4840-B755-7D314DE56DA6}.Release|Any CPU.ActiveCfg = Release|Any CPU
		{B9477426-D03C-4840-B755-7D314DE56DA6}.Release|Any CPU.Build.0 = Release|Any CPU
		{9912DA39-7784-471B-BA01-B1F64D0B4A53}.Debug|Any CPU.ActiveCfg = Debug|Any CPU
		{9912DA39-7784-471B-BA01-B1F64D0B4A53}.Debug|Any CPU.Build.0 = Debug|Any CPU
		{9912DA39-7784-471B-BA01-B1F64D0B4A53}.Release|Any CPU.ActiveCfg = Release|Any CPU
		{9912DA39-7784-471B-BA01-B1F64D0B4A53}.Release|Any CPU.Build.0 = Release|Any CPU
		{1F4C5842-1E16-4378-970C-ABA50562B717}.Debug|Any CPU.ActiveCfg = Debug|Any CPU
		{1F4C5842-1E16-4378-970C-ABA50562B717}.Debug|Any CPU.Build.0 = Debug|Any CPU
		{1F4C5842-1E16-4378-970C-ABA50562B717}.Release|Any CPU.ActiveCfg = Release|Any CPU
		{1F4C5842-1E16-4378-970C-ABA50562B717}.Release|Any CPU.Build.0 = Release|Any CPU
		{E410EE2D-460D-41F9-A6CB-DA3A0F903CB6}.Debug|Any CPU.ActiveCfg = Debug|Any CPU
		{E410EE2D-460D-41F9-A6CB-DA3A0F903CB6}.Debug|Any CPU.Build.0 = Debug|Any CPU
		{E410EE2D-460D-41F9-A6CB-DA3A0F903CB6}.Release|Any CPU.ActiveCfg = Release|Any CPU
		{E410EE2D-460D-41F9-A6CB-DA3A0F903CB6}.Release|Any CPU.Build.0 = Release|Any CPU
		{6CCC6F87-13D7-4B2E-847A-B8413BA944C8}.Debug|Any CPU.ActiveCfg = Debug|Any CPU
		{6CCC6F87-13D7-4B2E-847A-B8413BA944C8}.Debug|Any CPU.Build.0 = Debug|Any CPU
		{6CCC6F87-13D7-4B2E-847A-B8413BA944C8}.Release|Any CPU.ActiveCfg = Release|Any CPU
		{6CCC6F87-13D7-4B2E-847A-B8413BA944C8}.Release|Any CPU.Build.0 = Release|Any CPU
		{5CC4EC3D-BBD2-448C-9CE1-52C9CF16AE6D}.Debug|Any CPU.ActiveCfg = Debug|Any CPU
		{5CC4EC3D-BBD2-448C-9CE1-52C9CF16AE6D}.Debug|Any CPU.Build.0 = Debug|Any CPU
		{5CC4EC3D-BBD2-448C-9CE1-52C9CF16AE6D}.Release|Any CPU.ActiveCfg = Release|Any CPU
		{5CC4EC3D-BBD2-448C-9CE1-52C9CF16AE6D}.Release|Any CPU.Build.0 = Release|Any CPU
		{A36D1160-F6A8-4BF1-8EC8-2B1D2712884A}.Debug|Any CPU.ActiveCfg = Debug|Any CPU
		{A36D1160-F6A8-4BF1-8EC8-2B1D2712884A}.Debug|Any CPU.Build.0 = Debug|Any CPU
		{A36D1160-F6A8-4BF1-8EC8-2B1D2712884A}.Release|Any CPU.ActiveCfg = Release|Any CPU
		{A36D1160-F6A8-4BF1-8EC8-2B1D2712884A}.Release|Any CPU.Build.0 = Release|Any CPU
	EndGlobalSection
	GlobalSection(SolutionProperties) = preSolution
		HideSolutionNode = FALSE
	EndGlobalSection
	GlobalSection(ExtensibilityGlobals) = postSolution
		SolutionGuid = {3A43228E-362F-4E4A-B2CA-709CC8BA9672}
	EndGlobalSection
EndGlobal
